// !$*UTF8*$!
{
	archiveVersion = 1;
	classes = {
	};
	objectVersion = 46;
	objects = {

/* Begin PBXBuildFile section */
		960C32CA1E79E18000787C64 /* AppDelegate.swift in Sources */ = {isa = PBXBuildFile; fileRef = 960C32C91E79E18000787C64 /* AppDelegate.swift */; };
		960C32CC1E79E18000787C64 /* BucketListViewController.swift in Sources */ = {isa = PBXBuildFile; fileRef = 960C32CB1E79E18000787C64 /* BucketListViewController.swift */; };
		960C32CF1E79E18000787C64 /* Main.storyboard in Resources */ = {isa = PBXBuildFile; fileRef = 960C32CD1E79E18000787C64 /* Main.storyboard */; };
		960C32D11E79E18000787C64 /* Assets.xcassets in Resources */ = {isa = PBXBuildFile; fileRef = 960C32D01E79E18000787C64 /* Assets.xcassets */; };
		960C32D41E79E18000787C64 /* LaunchScreen.storyboard in Resources */ = {isa = PBXBuildFile; fileRef = 960C32D21E79E18000787C64 /* LaunchScreen.storyboard */; };
		960C32DF1E79E18000787C64 /* Bucket_ListTests.swift in Sources */ = {isa = PBXBuildFile; fileRef = 960C32DE1E79E18000787C64 /* Bucket_ListTests.swift */; };
		960C32EA1E79E18000787C64 /* Bucket_ListUITests.swift in Sources */ = {isa = PBXBuildFile; fileRef = 960C32E91E79E18000787C64 /* Bucket_ListUITests.swift */; };
		960C32F81E79EBAC00787C64 /* AddItemTableViewController.swift in Sources */ = {isa = PBXBuildFile; fileRef = 960C32F71E79EBAC00787C64 /* AddItemTableViewController.swift */; };
		960C32FC1E79F2AB00787C64 /* AddItemTableViewControllerDelegate.swift in Sources */ = {isa = PBXBuildFile; fileRef = 960C32FB1E79F2AB00787C64 /* AddItemTableViewControllerDelegate.swift */; };
		9665698C1E7CD1BB004F5478 /* BucketList.xcdatamodeld in Sources */ = {isa = PBXBuildFile; fileRef = 966569891E7CC9E2004F5478 /* BucketList.xcdatamodeld */; };
/* End PBXBuildFile section */

/* Begin PBXContainerItemProxy section */
		960C32DB1E79E18000787C64 /* PBXContainerItemProxy */ = {
			isa = PBXContainerItemProxy;
			containerPortal = 960C32BE1E79E18000787C64 /* Project object */;
			proxyType = 1;
			remoteGlobalIDString = 960C32C51E79E18000787C64;
			remoteInfo = "Bucket List";
		};
		960C32E61E79E18000787C64 /* PBXContainerItemProxy */ = {
			isa = PBXContainerItemProxy;
			containerPortal = 960C32BE1E79E18000787C64 /* Project object */;
			proxyType = 1;
			remoteGlobalIDString = 960C32C51E79E18000787C64;
			remoteInfo = "Bucket List";
		};
/* End PBXContainerItemProxy section */

/* Begin PBXFileReference section */
		960C32C61E79E18000787C64 /* Bucket List.app */ = {isa = PBXFileReference; explicitFileType = wrapper.application; includeInIndex = 0; path = "Bucket List.app"; sourceTree = BUILT_PRODUCTS_DIR; };
		960C32C91E79E18000787C64 /* AppDelegate.swift */ = {isa = PBXFileReference; lastKnownFileType = sourcecode.swift; path = AppDelegate.swift; sourceTree = "<group>"; };
		960C32CB1E79E18000787C64 /* BucketListViewController.swift */ = {isa = PBXFileReference; lastKnownFileType = sourcecode.swift; path = BucketListViewController.swift; sourceTree = "<group>"; };
		960C32CE1E79E18000787C64 /* Base */ = {isa = PBXFileReference; lastKnownFileType = file.storyboard; name = Base; path = Base.lproj/Main.storyboard; sourceTree = "<group>"; };
		960C32D01E79E18000787C64 /* Assets.xcassets */ = {isa = PBXFileReference; lastKnownFileType = folder.assetcatalog; path = Assets.xcassets; sourceTree = "<group>"; };
		960C32D31E79E18000787C64 /* Base */ = {isa = PBXFileReference; lastKnownFileType = file.storyboard; name = Base; path = Base.lproj/LaunchScreen.storyboard; sourceTree = "<group>"; };
		960C32D51E79E18000787C64 /* Info.plist */ = {isa = PBXFileReference; lastKnownFileType = text.plist.xml; path = Info.plist; sourceTree = "<group>"; };
		960C32DA1E79E18000787C64 /* Bucket ListTests.xctest */ = {isa = PBXFileReference; explicitFileType = wrapper.cfbundle; includeInIndex = 0; path = "Bucket ListTests.xctest"; sourceTree = BUILT_PRODUCTS_DIR; };
		960C32DE1E79E18000787C64 /* Bucket_ListTests.swift */ = {isa = PBXFileReference; lastKnownFileType = sourcecode.swift; path = Bucket_ListTests.swift; sourceTree = "<group>"; };
		960C32E01E79E18000787C64 /* Info.plist */ = {isa = PBXFileReference; lastKnownFileType = text.plist.xml; path = Info.plist; sourceTree = "<group>"; };
		960C32E51E79E18000787C64 /* Bucket ListUITests.xctest */ = {isa = PBXFileReference; explicitFileType = wrapper.cfbundle; includeInIndex = 0; path = "Bucket ListUITests.xctest"; sourceTree = BUILT_PRODUCTS_DIR; };
		960C32E91E79E18000787C64 /* Bucket_ListUITests.swift */ = {isa = PBXFileReference; lastKnownFileType = sourcecode.swift; path = Bucket_ListUITests.swift; sourceTree = "<group>"; };
		960C32EB1E79E18000787C64 /* Info.plist */ = {isa = PBXFileReference; lastKnownFileType = text.plist.xml; path = Info.plist; sourceTree = "<group>"; };
		960C32F71E79EBAC00787C64 /* AddItemTableViewController.swift */ = {isa = PBXFileReference; fileEncoding = 4; lastKnownFileType = sourcecode.swift; name = AddItemTableViewController.swift; path = "Bucket List/AddItemTableViewController.swift"; sourceTree = "<group>"; };
		960C32FB1E79F2AB00787C64 /* AddItemTableViewControllerDelegate.swift */ = {isa = PBXFileReference; fileEncoding = 4; lastKnownFileType = sourcecode.swift; path = AddItemTableViewControllerDelegate.swift; sourceTree = "<group>"; };
		9665698A1E7CC9E2004F5478 /* BucketList.xcdatamodel */ = {isa = PBXFileReference; lastKnownFileType = wrapper.xcdatamodel; path = BucketList.xcdatamodel; sourceTree = "<group>"; };
/* End PBXFileReference section */

/* Begin PBXFrameworksBuildPhase section */
		960C32C31E79E18000787C64 /* Frameworks */ = {
			isa = PBXFrameworksBuildPhase;
			buildActionMask = 2147483647;
			files = (
			);
			runOnlyForDeploymentPostprocessing = 0;
		};
		960C32D71E79E18000787C64 /* Frameworks */ = {
			isa = PBXFrameworksBuildPhase;
			buildActionMask = 2147483647;
			files = (
			);
			runOnlyForDeploymentPostprocessing = 0;
		};
		960C32E21E79E18000787C64 /* Frameworks */ = {
			isa = PBXFrameworksBuildPhase;
			buildActionMask = 2147483647;
			files = (
			);
			runOnlyForDeploymentPostprocessing = 0;
		};
/* End PBXFrameworksBuildPhase section */

/* Begin PBXGroup section */
		960C32BD1E79E18000787C64 = {
			isa = PBXGroup;
			children = (
				960C32FB1E79F2AB00787C64 /* AddItemTableViewControllerDelegate.swift */,
				960C32F71E79EBAC00787C64 /* AddItemTableViewController.swift */,
				960C32C81E79E18000787C64 /* Bucket List */,
				960C32DD1E79E18000787C64 /* Bucket ListTests */,
				960C32E81E79E18000787C64 /* Bucket ListUITests */,
				960C32C71E79E18000787C64 /* Products */,
			);
			sourceTree = "<group>";
		};
		960C32C71E79E18000787C64 /* Products */ = {
			isa = PBXGroup;
			children = (
				960C32C61E79E18000787C64 /* Bucket List.app */,
				960C32DA1E79E18000787C64 /* Bucket ListTests.xctest */,
				960C32E51E79E18000787C64 /* Bucket ListUITests.xctest */,
			);
			name = Products;
			sourceTree = "<group>";
		};
		960C32C81E79E18000787C64 /* Bucket List */ = {
			isa = PBXGroup;
			children = (
				960C32C91E79E18000787C64 /* AppDelegate.swift */,
				966569891E7CC9E2004F5478 /* BucketList.xcdatamodeld */,
				960C32CB1E79E18000787C64 /* BucketListViewController.swift */,
				960C32CD1E79E18000787C64 /* Main.storyboard */,
				960C32D01E79E18000787C64 /* Assets.xcassets */,
				960C32D21E79E18000787C64 /* LaunchScreen.storyboard */,
				960C32D51E79E18000787C64 /* Info.plist */,
			);
			path = "Bucket List";
			sourceTree = "<group>";
		};
		960C32DD1E79E18000787C64 /* Bucket ListTests */ = {
			isa = PBXGroup;
			children = (
				960C32DE1E79E18000787C64 /* Bucket_ListTests.swift */,
				960C32E01E79E18000787C64 /* Info.plist */,
			);
			path = "Bucket ListTests";
			sourceTree = "<group>";
		};
		960C32E81E79E18000787C64 /* Bucket ListUITests */ = {
			isa = PBXGroup;
			children = (
				960C32E91E79E18000787C64 /* Bucket_ListUITests.swift */,
				960C32EB1E79E18000787C64 /* Info.plist */,
			);
			path = "Bucket ListUITests";
			sourceTree = "<group>";
		};
/* End PBXGroup section */

/* Begin PBXNativeTarget section */
		960C32C51E79E18000787C64 /* Bucket List */ = {
			isa = PBXNativeTarget;
			buildConfigurationList = 960C32EE1E79E18000787C64 /* Build configuration list for PBXNativeTarget "Bucket List" */;
			buildPhases = (
				960C32C21E79E18000787C64 /* Sources */,
				960C32C31E79E18000787C64 /* Frameworks */,
				960C32C41E79E18000787C64 /* Resources */,
			);
			buildRules = (
			);
			dependencies = (
			);
			name = "Bucket List";
			productName = "Bucket List";
			productReference = 960C32C61E79E18000787C64 /* Bucket List.app */;
			productType = "com.apple.product-type.application";
		};
		960C32D91E79E18000787C64 /* Bucket ListTests */ = {
			isa = PBXNativeTarget;
			buildConfigurationList = 960C32F11E79E18000787C64 /* Build configuration list for PBXNativeTarget "Bucket ListTests" */;
			buildPhases = (
				960C32D61E79E18000787C64 /* Sources */,
				960C32D71E79E18000787C64 /* Frameworks */,
				960C32D81E79E18000787C64 /* Resources */,
			);
			buildRules = (
			);
			dependencies = (
				960C32DC1E79E18000787C64 /* PBXTargetDependency */,
			);
			name = "Bucket ListTests";
			productName = "Bucket ListTests";
			productReference = 960C32DA1E79E18000787C64 /* Bucket ListTests.xctest */;
			productType = "com.apple.product-type.bundle.unit-test";
		};
		960C32E41E79E18000787C64 /* Bucket ListUITests */ = {
			isa = PBXNativeTarget;
			buildConfigurationList = 960C32F41E79E18000787C64 /* Build configuration list for PBXNativeTarget "Bucket ListUITests" */;
			buildPhases = (
				960C32E11E79E18000787C64 /* Sources */,
				960C32E21E79E18000787C64 /* Frameworks */,
				960C32E31E79E18000787C64 /* Resources */,
			);
			buildRules = (
			);
			dependencies = (
				960C32E71E79E18000787C64 /* PBXTargetDependency */,
			);
			name = "Bucket ListUITests";
			productName = "Bucket ListUITests";
			productReference = 960C32E51E79E18000787C64 /* Bucket ListUITests.xctest */;
			productType = "com.apple.product-type.bundle.ui-testing";
		};
/* End PBXNativeTarget section */

/* Begin PBXProject section */
		960C32BE1E79E18000787C64 /* Project object */ = {
			isa = PBXProject;
			attributes = {
				LastSwiftUpdateCheck = 0820;
				LastUpgradeCheck = 0820;
				ORGANIZATIONNAME = "Nishant Patel";
				TargetAttributes = {
					960C32C51E79E18000787C64 = {
						CreatedOnToolsVersion = 8.2.1;
						DevelopmentTeam = GRGJW6B5ZE;
						ProvisioningStyle = Automatic;
					};
					960C32D91E79E18000787C64 = {
						CreatedOnToolsVersion = 8.2.1;
						DevelopmentTeam = GRGJW6B5ZE;
						ProvisioningStyle = Automatic;
						TestTargetID = 960C32C51E79E18000787C64;
					};
					960C32E41E79E18000787C64 = {
						CreatedOnToolsVersion = 8.2.1;
						DevelopmentTeam = GRGJW6B5ZE;
						ProvisioningStyle = Automatic;
						TestTargetID = 960C32C51E79E18000787C64;
					};
				};
			};
			buildConfigurationList = 960C32C11E79E18000787C64 /* Build configuration list for PBXProject "Bucket List" */;
			compatibilityVersion = "Xcode 3.2";
			developmentRegion = English;
			hasScannedForEncodings = 0;
			knownRegions = (
				en,
				Base,
			);
			mainGroup = 960C32BD1E79E18000787C64;
			productRefGroup = 960C32C71E79E18000787C64 /* Products */;
			projectDirPath = "";
			projectRoot = "";
			targets = (
				960C32C51E79E18000787C64 /* Bucket List */,
				960C32D91E79E18000787C64 /* Bucket ListTests */,
				960C32E41E79E18000787C64 /* Bucket ListUITests */,
			);
		};
/* End PBXProject section */

/* Begin PBXResourcesBuildPhase section */
		960C32C41E79E18000787C64 /* Resources */ = {
			isa = PBXResourcesBuildPhase;
			buildActionMask = 2147483647;
			files = (
				960C32D41E79E18000787C64 /* LaunchScreen.storyboard in Resources */,
				960C32D11E79E18000787C64 /* Assets.xcassets in Resources */,
				960C32CF1E79E18000787C64 /* Main.storyboard in Resources */,
			);
			runOnlyForDeploymentPostprocessing = 0;
		};
		960C32D81E79E18000787C64 /* Resources */ = {
			isa = PBXResourcesBuildPhase;
			buildActionMask = 2147483647;
			files = (
			);
			runOnlyForDeploymentPostprocessing = 0;
		};
		960C32E31E79E18000787C64 /* Resources */ = {
			isa = PBXResourcesBuildPhase;
			buildActionMask = 2147483647;
			files = (
			);
			runOnlyForDeploymentPostprocessing = 0;
		};
/* End PBXResourcesBuildPhase section */

/* Begin PBXSourcesBuildPhase section */
		960C32C21E79E18000787C64 /* Sources */ = {
			isa = PBXSourcesBuildPhase;
			buildActionMask = 2147483647;
			files = (
				960C32FC1E79F2AB00787C64 /* AddItemTableViewControllerDelegate.swift in Sources */,
				960C32CC1E79E18000787C64 /* BucketListViewController.swift in Sources */,
				9665698C1E7CD1BB004F5478 /* BucketList.xcdatamodeld in Sources */,
				960C32CA1E79E18000787C64 /* AppDelegate.swift in Sources */,
				960C32F81E79EBAC00787C64 /* AddItemTableViewController.swift in Sources */,
			);
			runOnlyForDeploymentPostprocessing = 0;
		};
		960C32D61E79E18000787C64 /* Sources */ = {
			isa = PBXSourcesBuildPhase;
			buildActionMask = 2147483647;
			files = (
				960C32DF1E79E18000787C64 /* Bucket_ListTests.swift in Sources */,
			);
			runOnlyForDeploymentPostprocessing = 0;
		};
		960C32E11E79E18000787C64 /* Sources */ = {
			isa = PBXSourcesBuildPhase;
			buildActionMask = 2147483647;
			files = (
				960C32EA1E79E18000787C64 /* Bucket_ListUITests.swift in Sources */,
			);
			runOnlyForDeploymentPostprocessing = 0;
		};
/* End PBXSourcesBuildPhase section */

/* Begin PBXTargetDependency section */
		960C32DC1E79E18000787C64 /* PBXTargetDependency */ = {
			isa = PBXTargetDependency;
			target = 960C32C51E79E18000787C64 /* Bucket List */;
			targetProxy = 960C32DB1E79E18000787C64 /* PBXContainerItemProxy */;
		};
		960C32E71E79E18000787C64 /* PBXTargetDependency */ = {
			isa = PBXTargetDependency;
			target = 960C32C51E79E18000787C64 /* Bucket List */;
			targetProxy = 960C32E61E79E18000787C64 /* PBXContainerItemProxy */;
		};
/* End PBXTargetDependency section */

/* Begin PBXVariantGroup section */
		960C32CD1E79E18000787C64 /* Main.storyboard */ = {
			isa = PBXVariantGroup;
			children = (
				960C32CE1E79E18000787C64 /* Base */,
			);
			name = Main.storyboard;
			sourceTree = "<group>";
		};
		960C32D21E79E18000787C64 /* LaunchScreen.storyboard */ = {
			isa = PBXVariantGroup;
			children = (
				960C32D31E79E18000787C64 /* Base */,
			);
			name = LaunchScreen.storyboard;
			sourceTree = "<group>";
		};
/* End PBXVariantGroup section */

/* Begin XCBuildConfiguration section */
		960C32EC1E79E18000787C64 /* Debug */ = {
			isa = XCBuildConfiguration;
			buildSettings = {
				ALWAYS_SEARCH_USER_PATHS = NO;
				CLANG_ANALYZER_NONNULL = YES;
				CLANG_CXX_LANGUAGE_STANDARD = "gnu++0x";
				CLANG_CXX_LIBRARY = "libc++";
				CLANG_ENABLE_MODULES = YES;
				CLANG_ENABLE_OBJC_ARC = YES;
				CLANG_WARN_BOOL_CONVERSION = YES;
				CLANG_WARN_CONSTANT_CONVERSION = YES;
				CLANG_WARN_DIRECT_OBJC_ISA_USAGE = YES_ERROR;
				CLANG_WARN_DOCUMENTATION_COMMENTS = YES;
				CLANG_WARN_EMPTY_BODY = YES;
				CLANG_WARN_ENUM_CONVERSION = YES;
				CLANG_WARN_INFINITE_RECURSION = YES;
				CLANG_WARN_INT_CONVERSION = YES;
				CLANG_WARN_OBJC_ROOT_CLASS = YES_ERROR;
				CLANG_WARN_SUSPICIOUS_MOVE = YES;
				CLANG_WARN_UNREACHABLE_CODE = YES;
				CLANG_WARN__DUPLICATE_METHOD_MATCH = YES;
				"CODE_SIGN_IDENTITY[sdk=iphoneos*]" = "iPhone Developer";
				COPY_PHASE_STRIP = NO;
				DEBUG_INFORMATION_FORMAT = dwarf;
				ENABLE_STRICT_OBJC_MSGSEND = YES;
				ENABLE_TESTABILITY = YES;
				GCC_C_LANGUAGE_STANDARD = gnu99;
				GCC_DYNAMIC_NO_PIC = NO;
				GCC_NO_COMMON_BLOCKS = YES;
				GCC_OPTIMIZATION_LEVEL = 0;
				GCC_PREPROCESSOR_DEFINITIONS = (
					"DEBUG=1",
					"$(inherited)",
				);
				GCC_WARN_64_TO_32_BIT_CONVERSION = YES;
				GCC_WARN_ABOUT_RETURN_TYPE = YES_ERROR;
				GCC_WARN_UNDECLARED_SELECTOR = YES;
				GCC_WARN_UNINITIALIZED_AUTOS = YES_AGGRESSIVE;
				GCC_WARN_UNUSED_FUNCTION = YES;
				GCC_WARN_UNUSED_VARIABLE = YES;
				IPHONEOS_DEPLOYMENT_TARGET = 10.2;
				MTL_ENABLE_DEBUG_INFO = YES;
				ONLY_ACTIVE_ARCH = YES;
				SDKROOT = iphoneos;
				SWIFT_ACTIVE_COMPILATION_CONDITIONS = DEBUG;
				SWIFT_OPTIMIZATION_LEVEL = "-Onone";
			};
			name = Debug;
		};
		960C32ED1E79E18000787C64 /* Release */ = {
			isa = XCBuildConfiguration;
			buildSettings = {
				ALWAYS_SEARCH_USER_PATHS = NO;
				CLANG_ANALYZER_NONNULL = YES;
				CLANG_CXX_LANGUAGE_STANDARD = "gnu++0x";
				CLANG_CXX_LIBRARY = "libc++";
				CLANG_ENABLE_MODULES = YES;
				CLANG_ENABLE_OBJC_ARC = YES;
				CLANG_WARN_BOOL_CONVERSION = YES;
				CLANG_WARN_CONSTANT_CONVERSION = YES;
				CLANG_WARN_DIRECT_OBJC_ISA_USAGE = YES_ERROR;
				CLANG_WARN_DOCUMENTATION_COMMENTS = YES;
				CLANG_WARN_EMPTY_BODY = YES;
				CLANG_WARN_ENUM_CONVERSION = YES;
				CLANG_WARN_INFINITE_RECURSION = YES;
				CLANG_WARN_INT_CONVERSION = YES;
				CLANG_WARN_OBJC_ROOT_CLASS = YES_ERROR;
				CLANG_WARN_SUSPICIOUS_MOVE = YES;
				CLANG_WARN_UNREACHABLE_CODE = YES;
				CLANG_WARN__DUPLICATE_METHOD_MATCH = YES;
				"CODE_SIGN_IDENTITY[sdk=iphoneos*]" = "iPhone Developer";
				COPY_PHASE_STRIP = NO;
				DEBUG_INFORMATION_FORMAT = "dwarf-with-dsym";
				ENABLE_NS_ASSERTIONS = NO;
				ENABLE_STRICT_OBJC_MSGSEND = YES;
				GCC_C_LANGUAGE_STANDARD = gnu99;
				GCC_NO_COMMON_BLOCKS = YES;
				GCC_WARN_64_TO_32_BIT_CONVERSION = YES;
				GCC_WARN_ABOUT_RETURN_TYPE = YES_ERROR;
				GCC_WARN_UNDECLARED_SELECTOR = YES;
				GCC_WARN_UNINITIALIZED_AUTOS = YES_AGGRESSIVE;
				GCC_WARN_UNUSED_FUNCTION = YES;
				GCC_WARN_UNUSED_VARIABLE = YES;
				IPHONEOS_DEPLOYMENT_TARGET = 10.2;
				MTL_ENABLE_DEBUG_INFO = NO;
				SDKROOT = iphoneos;
				SWIFT_OPTIMIZATION_LEVEL = "-Owholemodule";
				VALIDATE_PRODUCT = YES;
			};
			name = Release;
		};
		960C32EF1E79E18000787C64 /* Debug */ = {
			isa = XCBuildConfiguration;
			buildSettings = {
				ASSETCATALOG_COMPILER_APPICON_NAME = AppIcon;
				DEVELOPMENT_TEAM = GRGJW6B5ZE;
				INFOPLIST_FILE = "Bucket List/Info.plist";
				LD_RUNPATH_SEARCH_PATHS = "$(inherited) @executable_path/Frameworks";
				PRODUCT_BUNDLE_IDENTIFIER = "com.nishantpatel.Bucket-List";
				PRODUCT_NAME = "$(TARGET_NAME)";
				SWIFT_VERSION = 3.0;
			};
			name = Debug;
		};
		960C32F01E79E18000787C64 /* Release */ = {
			isa = XCBuildConfiguration;
			buildSettings = {
				ASSETCATALOG_COMPILER_APPICON_NAME = AppIcon;
				DEVELOPMENT_TEAM = GRGJW6B5ZE;
				INFOPLIST_FILE = "Bucket List/Info.plist";
				LD_RUNPATH_SEARCH_PATHS = "$(inherited) @executable_path/Frameworks";
				PRODUCT_BUNDLE_IDENTIFIER = "com.nishantpatel.Bucket-List";
				PRODUCT_NAME = "$(TARGET_NAME)";
				SWIFT_VERSION = 3.0;
			};
			name = Release;
		};
		960C32F21E79E18000787C64 /* Debug */ = {
			isa = XCBuildConfiguration;
			buildSettings = {
				ALWAYS_EMBED_SWIFT_STANDARD_LIBRARIES = YES;
				BUNDLE_LOADER = "$(TEST_HOST)";
				DEVELOPMENT_TEAM = GRGJW6B5ZE;
				INFOPLIST_FILE = "Bucket ListTests/Info.plist";
				LD_RUNPATH_SEARCH_PATHS = "$(inherited) @executable_path/Frameworks @loader_path/Frameworks";
				PRODUCT_BUNDLE_IDENTIFIER = "com.nishantpatel.Bucket-ListTests";
				PRODUCT_NAME = "$(TARGET_NAME)";
				SWIFT_VERSION = 3.0;
				TEST_HOST = "$(BUILT_PRODUCTS_DIR)/Bucket List.app/Bucket List";
			};
			name = Debug;
		};
		960C32F31E79E18000787C64 /* Release */ = {
			isa = XCBuildConfiguration;
			buildSettings = {
				ALWAYS_EMBED_SWIFT_STANDARD_LIBRARIES = YES;
				BUNDLE_LOADER = "$(TEST_HOST)";
				DEVELOPMENT_TEAM = GRGJW6B5ZE;
				INFOPLIST_FILE = "Bucket ListTests/Info.plist";
				LD_RUNPATH_SEARCH_PATHS = "$(inherited) @executable_path/Frameworks @loader_path/Frameworks";
				PRODUCT_BUNDLE_IDENTIFIER = "com.nishantpatel.Bucket-ListTests";
				PRODUCT_NAME = "$(TARGET_NAME)";
				SWIFT_VERSION = 3.0;
				TEST_HOST = "$(BUILT_PRODUCTS_DIR)/Bucket List.app/Bucket List";
			};
			name = Release;
		};
		960C32F51E79E18000787C64 /* Debug */ = {
			isa = XCBuildConfiguration;
			buildSettings = {
				ALWAYS_EMBED_SWIFT_STANDARD_LIBRARIES = YES;
				DEVELOPMENT_TEAM = GRGJW6B5ZE;
				INFOPLIST_FILE = "Bucket ListUITests/Info.plist";
				LD_RUNPATH_SEARCH_PATHS = "$(inherited) @executable_path/Frameworks @loader_path/Frameworks";
				PRODUCT_BUNDLE_IDENTIFIER = "com.nishantpatel.Bucket-ListUITests";
				PRODUCT_NAME = "$(TARGET_NAME)";
				SWIFT_VERSION = 3.0;
				TEST_TARGET_NAME = "Bucket List";
			};
			name = Debug;
		};
		960C32F61E79E18000787C64 /* Release */ = {
			isa = XCBuildConfiguration;
			buildSettings = {
				ALWAYS_EMBED_SWIFT_STANDARD_LIBRARIES = YES;
				DEVELOPMENT_TEAM = GRGJW6B5ZE;
				INFOPLIST_FILE = "Bucket ListUITests/Info.plist";
				LD_RUNPATH_SEARCH_PATHS = "$(inherited) @executable_path/Frameworks @loader_path/Frameworks";
				PRODUCT_BUNDLE_IDENTIFIER = "com.nishantpatel.Bucket-ListUITests";
				PRODUCT_NAME = "$(TARGET_NAME)";
				SWIFT_VERSION = 3.0;
				TEST_TARGET_NAME = "Bucket List";
			};
			name = Release;
		};
/* End XCBuildConfiguration section */

/* Begin XCConfigurationList section */
		960C32C11E79E18000787C64 /* Build configuration list for PBXProject "Bucket List" */ = {
			isa = XCConfigurationList;
			buildConfigurations = (
				960C32EC1E79E18000787C64 /* Debug */,
				960C32ED1E79E18000787C64 /* Release */,
			);
			defaultConfigurationIsVisible = 0;
			defaultConfigurationName = Release;
		};
		960C32EE1E79E18000787C64 /* Build configuration list for PBXNativeTarget "Bucket List" */ = {
			isa = XCConfigurationList;
			buildConfigurations = (
				960C32EF1E79E18000787C64 /* Debug */,
				960C32F01E79E18000787C64 /* Release */,
			);
			defaultConfigurationIsVisible = 0;
			defaultConfigurationName = Release;
		};
		960C32F11E79E18000787C64 /* Build configuration list for PBXNativeTarget "Bucket ListTests" */ = {
			isa = XCConfigurationList;
			buildConfigurations = (
				960C32F21E79E18000787C64 /* Debug */,
				960C32F31E79E18000787C64 /* Release */,
			);
			defaultConfigurationIsVisible = 0;
			defaultConfigurationName = Release;
		};
		960C32F41E79E18000787C64 /* Build configuration list for PBXNativeTarget "Bucket ListUITests" */ = {
			isa = XCConfigurationList;
			buildConfigurations = (
				960C32F51E79E18000787C64 /* Debug */,
				960C32F61E79E18000787C64 /* Release */,
			);
			defaultConfigurationIsVisible = 0;
			defaultConfigurationName = Release;
		};
/* End XCConfigurationList section */

/* Begin XCVersionGroup section */
		966569891E7CC9E2004F5478 /* BucketList.xcdatamodeld */ = {
			isa = XCVersionGroup;
			children = (
				9665698A1E7CC9E2004F5478 /* BucketList.xcdatamodel */,
			);
			currentVersion = 9665698A1E7CC9E2004F5478 /* BucketList.xcdatamodel */;
			path = BucketList.xcdatamodeld;
			sourceTree = "<group>";
			versionGroupType = wrapper.xcdatamodel;
		};
/* End XCVersionGroup section */
	};
	rootObject = 960C32BE1E79E18000787C64 /* Project object */;
}
